
Microsoft Visual Studio Solution File, Format Version 12.00
# Visual Studio Version 17
VisualStudioVersion = 17.10.35027.167
MinimumVisualStudioVersion = 10.0.40219.1
Project("{2150E333-8FDC-42A3-9474-1A3956D46DE8}") = "1 - API", "1 - API", "{BD65D423-7D8E-47EA-990B-67B829F039B5}"
EndProject
Project("{2150E333-8FDC-42A3-9474-1A3956D46DE8}") = "2 - Aplicacao", "2 - Aplicacao", "{D0973DE4-9C55-4E7C-A2E0-869BF0136A49}"
EndProject
Project("{2150E333-8FDC-42A3-9474-1A3956D46DE8}") = "3 - Dominio", "3 - Dominio", "{3A585065-3B87-4462-AAAD-EAC4327C5376}"
EndProject
Project("{2150E333-8FDC-42A3-9474-1A3956D46DE8}") = "4 - Infraestrutura", "4 - Infraestrutura", "{A7B5FC1C-B34C-46A3-AA91-C59178EF2121}"
EndProject
Project("{2150E333-8FDC-42A3-9474-1A3956D46DE8}") = "5 - Testes", "5 - Testes", "{7B153056-C12E-4C5C-9CB1-1D30CB78131A}"
EndProject
Project("{9A19103F-16F7-4668-BE54-9A1E7A4F7556}") = "Produtos.Dominio", "Produtos.Dominio\Produtos.Dominio.csproj", "{67F5ED51-FB2C-4F02-98F1-B35257D187B7}"
EndProject
Project("{9A19103F-16F7-4668-BE54-9A1E7A4F7556}") = "Produtos.Aplicacao", "Produtos.Aplicacao\Produtos.Aplicacao.csproj", "{5297E2E9-8ED5-4E05-B228-B5474E7E512A}"
EndProject
Project("{9A19103F-16F7-4668-BE54-9A1E7A4F7556}") = "Produtos.Infraestrutura", "Produtos.Infraestrutura\Produtos.Infraestrutura.csproj", "{66FEC671-3154-44C4-B398-1AB7E10DC8E8}"
EndProject
Project("{9A19103F-16F7-4668-BE54-9A1E7A4F7556}") = "Produtos.TesteUnitario", "Produtos.TesteUnitario\Produtos.TesteUnitario.csproj", "{0926704E-B3D5-4A15-B45F-1B4FA25EF5C2}"
EndProject
Project("{9A19103F-16F7-4668-BE54-9A1E7A4F7556}") = "Produtos.API", "Produtos.API\Produtos.API.csproj", "{30A76FF1-F959-41C9-AB11-88D2076C0207}"
EndProject
Project("{E53339B2-1760-4266-BCC7-CA923CBCF16C}") = "docker-compose", "docker-compose.dcproj", "{0D5C50DF-8240-4778-A7C7-CBD3BACCD2B9}"
EndProject
Global
	GlobalSection(SolutionConfigurationPlatforms) = preSolution
		Debug|Any CPU = Debug|Any CPU
		Release|Any CPU = Release|Any CPU
	EndGlobalSection
	GlobalSection(ProjectConfigurationPlatforms) = postSolution
		{67F5ED51-FB2C-4F02-98F1-B35257D187B7}.Debug|Any CPU.ActiveCfg = Debug|Any CPU
		{67F5ED51-FB2C-4F02-98F1-B35257D187B7}.Debug|Any CPU.Build.0 = Debug|Any CPU
		{67F5ED51-FB2C-4F02-98F1-B35257D187B7}.Release|Any CPU.ActiveCfg = Release|Any CPU
		{67F5ED51-FB2C-4F02-98F1-B35257D187B7}.Release|Any CPU.Build.0 = Release|Any CPU
		{5297E2E9-8ED5-4E05-B228-B5474E7E512A}.Debug|Any CPU.ActiveCfg = Debug|Any CPU
		{5297E2E9-8ED5-4E05-B228-B5474E7E512A}.Debug|Any CPU.Build.0 = Debug|Any CPU
		{5297E2E9-8ED5-4E05-B228-B5474E7E512A}.Release|Any CPU.ActiveCfg = Release|Any CPU
		{5297E2E9-8ED5-4E05-B228-B5474E7E512A}.Release|Any CPU.Build.0 = Release|Any CPU
		{66FEC671-3154-44C4-B398-1AB7E10DC8E8}.Debug|Any CPU.ActiveCfg = Debug|Any CPU
		{66FEC671-3154-44C4-B398-1AB7E10DC8E8}.Debug|Any CPU.Build.0 = Debug|Any CPU
		{66FEC671-3154-44C4-B398-1AB7E10DC8E8}.Release|Any CPU.ActiveCfg = Release|Any CPU
		{66FEC671-3154-44C4-B398-1AB7E10DC8E8}.Release|Any CPU.Build.0 = Release|Any CPU
		{0926704E-B3D5-4A15-B45F-1B4FA25EF5C2}.Debug|Any CPU.ActiveCfg = Debug|Any CPU
		{0926704E-B3D5-4A15-B45F-1B4FA25EF5C2}.Debug|Any CPU.Build.0 = Debug|Any CPU
		{0926704E-B3D5-4A15-B45F-1B4FA25EF5C2}.Release|Any CPU.ActiveCfg = Release|Any CPU
		{0926704E-B3D5-4A15-B45F-1B4FA25EF5C2}.Release|Any CPU.Build.0 = Release|Any CPU
		{30A76FF1-F959-41C9-AB11-88D2076C0207}.Debug|Any CPU.ActiveCfg = Debug|Any CPU
		{30A76FF1-F959-41C9-AB11-88D2076C0207}.Debug|Any CPU.Build.0 = Debug|Any CPU
		{30A76FF1-F959-41C9-AB11-88D2076C0207}.Release|Any CPU.ActiveCfg = Release|Any CPU
		{30A76FF1-F959-41C9-AB11-88D2076C0207}.Release|Any CPU.Build.0 = Release|Any CPU
		{0D5C50DF-8240-4778-A7C7-CBD3BACCD2B9}.Debug|Any CPU.ActiveCfg = Debug|Any CPU
		{0D5C50DF-8240-4778-A7C7-CBD3BACCD2B9}.Debug|Any CPU.Build.0 = Debug|Any CPU
		{0D5C50DF-8240-4778-A7C7-CBD3BACCD2B9}.Release|Any CPU.ActiveCfg = Release|Any CPU
		{0D5C50DF-8240-4778-A7C7-CBD3BACCD2B9}.Release|Any CPU.Build.0 = Release|Any CPU
	EndGlobalSection
	GlobalSection(SolutionProperties) = preSolution
		HideSolutionNode = FALSE
	EndGlobalSection
	GlobalSection(NestedProjects) = preSolution
		{67F5ED51-FB2C-4F02-98F1-B35257D187B7} = {3A585065-3B87-4462-AAAD-EAC4327C5376}
		{5297E2E9-8ED5-4E05-B228-B5474E7E512A} = {D0973DE4-9C55-4E7C-A2E0-869BF0136A49}
		{66FEC671-3154-44C4-B398-1AB7E10DC8E8} = {A7B5FC1C-B34C-46A3-AA91-C59178EF2121}
		{0926704E-B3D5-4A15-B45F-1B4FA25EF5C2} = {7B153056-C12E-4C5C-9CB1-1D30CB78131A}
		{30A76FF1-F959-41C9-AB11-88D2076C0207} = {BD65D423-7D8E-47EA-990B-67B829F039B5}
	EndGlobalSection
	GlobalSection(ExtensibilityGlobals) = postSolution
		SolutionGuid = {F38272BD-EAD5-4275-B8B1-16E2673FCA5D}
	EndGlobalSection
EndGlobal
